{
  "name": "Launchpad-Online",
  "lockfileVersion": 3,
  "requires": true,
  "packages": {
    "": {
      "dependencies": {
        "launchpad-webmidi": "^1.2.0"
      }
    },
    "node_modules/launchpad-webmidi": {
      "version": "1.2.0",
      "resolved": "https://registry.npmjs.org/launchpad-webmidi/-/launchpad-webmidi-1.2.0.tgz",
      "integrity": "sha512-3so0XxETwrYd2IyQaZ+Sp2TttIX3Ic7bp+C34NFo7k559ug+nVqrEP+0MmgEixDlN1DS5EWf40qxzmcUS8N8CQ==",
      "license": "MIT"
    }
  }
}